
Microsoft Visual Studio Solution File, Format Version 12.00
# Visual Studio 2012
Project("{FAE04EC0-301F-11D3-BF4B-00C04F79EFBC}") = "ConsoleApplication2", "ConsoleApplication2\ConsoleApplication2.csproj", "{FCAE3FB6-9E2F-45A1-8B2E-CC5B60668B77}"
EndProject
Global
	GlobalSection(SolutionConfigurationPlatforms) = preSolution
		Debug|Any CPU = Debug|Any CPU
		Release|Any CPU = Release|Any CPU
	EndGlobalSection
	GlobalSection(ProjectConfigurationPlatforms) = postSolution
		{FCAE3FB6-9E2F-45A1-8B2E-CC5B60668B77}.Debug|Any CPU.ActiveCfg = Debug|Any CPU
		{FCAE3FB6-9E2F-45A1-8B2E-CC5B60668B77}.Debug|Any CPU.Build.0 = Debug|Any CPU
		{FCAE3FB6-9E2F-45A1-8B2E-CC5B60668B77}.Release|Any CPU.ActiveCfg = Release|Any CPU
		{FCAE3FB6-9E2F-45A1-8B2E-CC5B60668B77}.Release|Any CPU.Build.0 = Release|Any CPU
	EndGlobalSection
	GlobalSection(SolutionProperties) = preSolution
		HideSolutionNode = FALSE
	EndGlobalSection
EndGlobal
